
Microsoft Visual Studio Solution File, Format Version 12.00
# Visual Studio Version 16
VisualStudioVersion = 16.0.30804.86
MinimumVisualStudioVersion = 10.0.40219.1
Project("{FAE04EC0-301F-11D3-BF4B-00C04F79EFBC}") = "SpaceSistemas", "SpaceSistemas.csproj", "{F028C5DC-4573-4D2F-A488-93A7CC02B440}"
EndProject
Global
	GlobalSection(SolutionConfigurationPlatforms) = preSolution
		Debug|Any CPU = Debug|Any CPU
		Release|Any CPU = Release|Any CPU
	EndGlobalSection
	GlobalSection(ProjectConfigurationPlatforms) = postSolution
		{F028C5DC-4573-4D2F-A488-93A7CC02B440}.Debug|Any CPU.ActiveCfg = Debug|Any CPU
		{F028C5DC-4573-4D2F-A488-93A7CC02B440}.Debug|Any CPU.Build.0 = Debug|Any CPU
		{F028C5DC-4573-4D2F-A488-93A7CC02B440}.Release|Any CPU.ActiveCfg = Release|Any CPU
		{F028C5DC-4573-4D2F-A488-93A7CC02B440}.Release|Any CPU.Build.0 = Release|Any CPU
	EndGlobalSection
	GlobalSection(SolutionProperties) = preSolution
		HideSolutionNode = FALSE
	EndGlobalSection
	GlobalSection(ExtensibilityGlobals) = postSolution
		SolutionGuid = {650CE9EE-11BB-4BA0-874F-DD0CB29B0547}
	EndGlobalSection
EndGlobal
